
Microsoft Visual Studio Solution File, Format Version 12.00
# Visual Studio Version 17
VisualStudioVersion = 17.9.34607.119
MinimumVisualStudioVersion = 10.0.40219.1
Project("{FAE04EC0-301F-11D3-BF4B-00C04F79EFBC}") = "SWE 3313 Prototype", "SWE 3313 Prototype\SWE 3313 Prototype.csproj", "{C8E5203E-C791-4A7C-B7F5-D884E29DC3F8}"
EndProject
Global
	GlobalSection(SolutionConfigurationPlatforms) = preSolution
		Debug|Any CPU = Debug|Any CPU
		Release|Any CPU = Release|Any CPU
	EndGlobalSection
	GlobalSection(ProjectConfigurationPlatforms) = postSolution
		{C8E5203E-C791-4A7C-B7F5-D884E29DC3F8}.Debug|Any CPU.ActiveCfg = Debug|Any CPU
		{C8E5203E-C791-4A7C-B7F5-D884E29DC3F8}.Debug|Any CPU.Build.0 = Debug|Any CPU
		{C8E5203E-C791-4A7C-B7F5-D884E29DC3F8}.Release|Any CPU.ActiveCfg = Release|Any CPU
		{C8E5203E-C791-4A7C-B7F5-D884E29DC3F8}.Release|Any CPU.Build.0 = Release|Any CPU
	EndGlobalSection
	GlobalSection(SolutionProperties) = preSolution
		HideSolutionNode = FALSE
	EndGlobalSection
	GlobalSection(ExtensibilityGlobals) = postSolution
		SolutionGuid = {CF5946B9-6D63-46D2-87B3-551AA4C032A9}
	EndGlobalSection
EndGlobal
